
Microsoft Visual Studio Solution File, Format Version 12.00
# Visual Studio 15
VisualStudioVersion = 15.0.27703.2026
MinimumVisualStudioVersion = 10.0.40219.1
Project("{FAE04EC0-301F-11D3-BF4B-00C04F79EFBC}") = "sampledockerhubapplication", "sampledockerhubapplication\sampledockerhubapplication.csproj", "{C644D00B-2A83-4F52-BF32-8B0A85D4270E}"
EndProject
Project("{E53339B2-1760-4266-BCC7-CA923CBCF16C}") = "docker-compose", "docker-compose.dcproj", "{D4D72F6C-6FC0-40C7-BADC-F10EFE43CE8A}"
EndProject
Global
	GlobalSection(SolutionConfigurationPlatforms) = preSolution
		Debug|Any CPU = Debug|Any CPU
		Release|Any CPU = Release|Any CPU
	EndGlobalSection
	GlobalSection(ProjectConfigurationPlatforms) = postSolution
		{C644D00B-2A83-4F52-BF32-8B0A85D4270E}.Debug|Any CPU.ActiveCfg = Debug|Any CPU
		{C644D00B-2A83-4F52-BF32-8B0A85D4270E}.Debug|Any CPU.Build.0 = Debug|Any CPU
		{C644D00B-2A83-4F52-BF32-8B0A85D4270E}.Release|Any CPU.ActiveCfg = Release|Any CPU
		{C644D00B-2A83-4F52-BF32-8B0A85D4270E}.Release|Any CPU.Build.0 = Release|Any CPU
		{D4D72F6C-6FC0-40C7-BADC-F10EFE43CE8A}.Debug|Any CPU.ActiveCfg = Debug|Any CPU
		{D4D72F6C-6FC0-40C7-BADC-F10EFE43CE8A}.Debug|Any CPU.Build.0 = Debug|Any CPU
		{D4D72F6C-6FC0-40C7-BADC-F10EFE43CE8A}.Release|Any CPU.ActiveCfg = Release|Any CPU
		{D4D72F6C-6FC0-40C7-BADC-F10EFE43CE8A}.Release|Any CPU.Build.0 = Release|Any CPU
	EndGlobalSection
	GlobalSection(SolutionProperties) = preSolution
		HideSolutionNode = FALSE
	EndGlobalSection
	GlobalSection(ExtensibilityGlobals) = postSolution
		SolutionGuid = {2DADDF08-E58B-48C8-AAA7-03BB17327B81}
	EndGlobalSection
EndGlobal
